
Microsoft Visual Studio Solution File, Format Version 12.00
# Visual Studio Version 17
VisualStudioVersion = 17.1.32421.90
MinimumVisualStudioVersion = 10.0.40219.1
Project("{FAE04EC0-301F-11D3-BF4B-00C04F79EFBC}") = "esercizio 12", "esercizio 12\esercizio 12.csproj", "{DB57D9DE-9512-435F-9D46-9F8352EA926F}"
EndProject
Global
	GlobalSection(SolutionConfigurationPlatforms) = preSolution
		Debug|Any CPU = Debug|Any CPU
		Release|Any CPU = Release|Any CPU
	EndGlobalSection
	GlobalSection(ProjectConfigurationPlatforms) = postSolution
		{DB57D9DE-9512-435F-9D46-9F8352EA926F}.Debug|Any CPU.ActiveCfg = Debug|Any CPU
		{DB57D9DE-9512-435F-9D46-9F8352EA926F}.Debug|Any CPU.Build.0 = Debug|Any CPU
		{DB57D9DE-9512-435F-9D46-9F8352EA926F}.Release|Any CPU.ActiveCfg = Release|Any CPU
		{DB57D9DE-9512-435F-9D46-9F8352EA926F}.Release|Any CPU.Build.0 = Release|Any CPU
	EndGlobalSection
	GlobalSection(SolutionProperties) = preSolution
		HideSolutionNode = FALSE
	EndGlobalSection
	GlobalSection(ExtensibilityGlobals) = postSolution
		SolutionGuid = {92376600-823B-4E02-AD41-257902A315F1}
	EndGlobalSection
EndGlobal
